
Microsoft Visual Studio Solution File, Format Version 12.00
# Visual Studio 15
VisualStudioVersion = 15.0.28307.572
MinimumVisualStudioVersion = 10.0.40219.1
Project("{FAE04EC0-301F-11D3-BF4B-00C04F79EFBC}") = "HW1", "HW1\HW1.csproj", "{17311B4D-B795-45B1-B307-C5012DAF3BBC}"
EndProject
Project("{FAE04EC0-301F-11D3-BF4B-00C04F79EFBC}") = "HW1.Tests", "HW1.Tests\HW1.Tests.csproj", "{A927B612-9859-485E-B079-C078CF248480}"
EndProject
Global
	GlobalSection(SolutionConfigurationPlatforms) = preSolution
		Debug|Any CPU = Debug|Any CPU
		Release|Any CPU = Release|Any CPU
	EndGlobalSection
	GlobalSection(ProjectConfigurationPlatforms) = postSolution
		{17311B4D-B795-45B1-B307-C5012DAF3BBC}.Debug|Any CPU.ActiveCfg = Debug|Any CPU
		{17311B4D-B795-45B1-B307-C5012DAF3BBC}.Debug|Any CPU.Build.0 = Debug|Any CPU
		{17311B4D-B795-45B1-B307-C5012DAF3BBC}.Release|Any CPU.ActiveCfg = Release|Any CPU
		{17311B4D-B795-45B1-B307-C5012DAF3BBC}.Release|Any CPU.Build.0 = Release|Any CPU
		{A927B612-9859-485E-B079-C078CF248480}.Debug|Any CPU.ActiveCfg = Debug|Any CPU
		{A927B612-9859-485E-B079-C078CF248480}.Debug|Any CPU.Build.0 = Debug|Any CPU
		{A927B612-9859-485E-B079-C078CF248480}.Release|Any CPU.ActiveCfg = Release|Any CPU
		{A927B612-9859-485E-B079-C078CF248480}.Release|Any CPU.Build.0 = Release|Any CPU
	EndGlobalSection
	GlobalSection(SolutionProperties) = preSolution
		HideSolutionNode = FALSE
	EndGlobalSection
	GlobalSection(ExtensibilityGlobals) = postSolution
		SolutionGuid = {E3929C3E-87DD-4158-BA35-7EF09D702999}
	EndGlobalSection
EndGlobal
